
Microsoft Visual Studio Solution File, Format Version 12.00
# Visual Studio Version 17
VisualStudioVersion = 17.0.32112.339
MinimumVisualStudioVersion = 10.0.40219.1
Project("{FAE04EC0-301F-11D3-BF4B-00C04F79EFBC}") = "CvEntityProje", "CvEntityProje\CvEntityProje.csproj", "{6D45A4C6-F697-40A7-B9F6-DC5060C0F8AC}"
EndProject
Global
	GlobalSection(SolutionConfigurationPlatforms) = preSolution
		Debug|Any CPU = Debug|Any CPU
		Release|Any CPU = Release|Any CPU
	EndGlobalSection
	GlobalSection(ProjectConfigurationPlatforms) = postSolution
		{6D45A4C6-F697-40A7-B9F6-DC5060C0F8AC}.Debug|Any CPU.ActiveCfg = Debug|Any CPU
		{6D45A4C6-F697-40A7-B9F6-DC5060C0F8AC}.Debug|Any CPU.Build.0 = Debug|Any CPU
		{6D45A4C6-F697-40A7-B9F6-DC5060C0F8AC}.Release|Any CPU.ActiveCfg = Release|Any CPU
		{6D45A4C6-F697-40A7-B9F6-DC5060C0F8AC}.Release|Any CPU.Build.0 = Release|Any CPU
	EndGlobalSection
	GlobalSection(SolutionProperties) = preSolution
		HideSolutionNode = FALSE
	EndGlobalSection
	GlobalSection(ExtensibilityGlobals) = postSolution
		SolutionGuid = {A15D3F08-72C8-4F71-AF4D-BEC9F35D8B1E}
	EndGlobalSection
EndGlobal
